
Microsoft Visual Studio Solution File, Format Version 12.00
# Visual Studio Version 17
VisualStudioVersion = 17.9.34607.119
MinimumVisualStudioVersion = 10.0.40219.1
Project("{FAE04EC0-301F-11D3-BF4B-00C04F79EFBC}") = "DVLCPresentation", "DVLCPresentation.csproj", "{08E6C33D-5B99-42D9-A5A3-7ED4BC1730EB}"
EndProject
Project("{FAE04EC0-301F-11D3-BF4B-00C04F79EFBC}") = "DvlcBussinessLayer", "..\BussinwssAndDataLyer\clsPeople\DvlcBussinessLayer.csproj", "{9000FBCE-6B30-4421-9A98-80A511178385}"
EndProject
Project("{FAE04EC0-301F-11D3-BF4B-00C04F79EFBC}") = "DvlcDataLayer", "..\BussinwssAndDataLyer\DvlcDataLayer\DvlcDataLayer.csproj", "{EB94B4ED-2C80-432A-A519-0747D84FC50E}"
EndProject
Global
	GlobalSection(SolutionConfigurationPlatforms) = preSolution
		Debug|Any CPU = Debug|Any CPU
		Release|Any CPU = Release|Any CPU
	EndGlobalSection
	GlobalSection(ProjectConfigurationPlatforms) = postSolution
		{08E6C33D-5B99-42D9-A5A3-7ED4BC1730EB}.Debug|Any CPU.ActiveCfg = Debug|Any CPU
		{08E6C33D-5B99-42D9-A5A3-7ED4BC1730EB}.Debug|Any CPU.Build.0 = Debug|Any CPU
		{08E6C33D-5B99-42D9-A5A3-7ED4BC1730EB}.Release|Any CPU.ActiveCfg = Release|Any CPU
		{08E6C33D-5B99-42D9-A5A3-7ED4BC1730EB}.Release|Any CPU.Build.0 = Release|Any CPU
		{9000FBCE-6B30-4421-9A98-80A511178385}.Debug|Any CPU.ActiveCfg = Debug|Any CPU
		{9000FBCE-6B30-4421-9A98-80A511178385}.Debug|Any CPU.Build.0 = Debug|Any CPU
		{9000FBCE-6B30-4421-9A98-80A511178385}.Release|Any CPU.ActiveCfg = Release|Any CPU
		{9000FBCE-6B30-4421-9A98-80A511178385}.Release|Any CPU.Build.0 = Release|Any CPU
		{EB94B4ED-2C80-432A-A519-0747D84FC50E}.Debug|Any CPU.ActiveCfg = Debug|Any CPU
		{EB94B4ED-2C80-432A-A519-0747D84FC50E}.Debug|Any CPU.Build.0 = Debug|Any CPU
		{EB94B4ED-2C80-432A-A519-0747D84FC50E}.Release|Any CPU.ActiveCfg = Release|Any CPU
		{EB94B4ED-2C80-432A-A519-0747D84FC50E}.Release|Any CPU.Build.0 = Release|Any CPU
	EndGlobalSection
	GlobalSection(SolutionProperties) = preSolution
		HideSolutionNode = FALSE
	EndGlobalSection
	GlobalSection(ExtensibilityGlobals) = postSolution
		SolutionGuid = {52F51351-979A-489B-9AF5-6690963BA85E}
	EndGlobalSection
EndGlobal
